
Microsoft Visual Studio Solution File, Format Version 12.00
# Visual Studio 15
Project("{FAE04EC0-301F-11D3-BF4B-00C04F79EFBC}") = "ObjectOriented", "ObjectOriented\ObjectOriented.csproj", "{EBA0BD18-4A12-4476-BD21-7C1D5E713693}"
EndProject
Global
	GlobalSection(SolutionConfigurationPlatforms) = preSolution
		Debug|anycpu = Debug|anycpu
		Release|anycpu = Release|anycpu
	EndGlobalSection
	GlobalSection(ProjectConfigurationPlatforms) = postSolution
		{EBA0BD18-4A12-4476-BD21-7C1D5E713693}.Debug|anycpu.ActiveCfg = Debug|anycpu
		{EBA0BD18-4A12-4476-BD21-7C1D5E713693}.Debug|anycpu.Build.0 = Debug|anycpu
		{EBA0BD18-4A12-4476-BD21-7C1D5E713693}.Release|anycpu.ActiveCfg = Release|anycpu
		{EBA0BD18-4A12-4476-BD21-7C1D5E713693}.Release|anycpu.Build.0 = Release|anycpu
	EndGlobalSection
EndGlobal
